
Microsoft Visual Studio Solution File, Format Version 12.00
# Visual Studio Version 17
VisualStudioVersion = 17.9.34728.123
MinimumVisualStudioVersion = 10.0.40219.1
Project("{9A19103F-16F7-4668-BE54-9A1E7A4F7556}") = "GaVietNam_Repository", "GaVietNam_Repository\GaVietNam_Repository.csproj", "{44309B36-5921-4921-8DD6-CD852D3BB6E8}"
EndProject
Project("{FAE04EC0-301F-11D3-BF4B-00C04F79EFBC}") = "GaVietNam_API", "GaVietNam_API\GaVietNam_API.csproj", "{F318E838-EBA2-43E2-8412-E4D1C424D616}"
EndProject
Project("{FAE04EC0-301F-11D3-BF4B-00C04F79EFBC}") = "GaVietNam_Service", "GaVietNam_Service\GaVietNam_Service.csproj", "{E2534F80-A91D-4CA9-9A58-BDE4D5603A02}"
EndProject
Project("{FAE04EC0-301F-11D3-BF4B-00C04F79EFBC}") = "GaVietNam_Model", "GaVietNam_Model\GaVietNam_Model.csproj", "{993296AD-1DDA-46A5-BF1D-FC6B46DECBA4}"
EndProject
Project("{FAE04EC0-301F-11D3-BF4B-00C04F79EFBC}") = "Tools", "Tools\Tools.csproj", "{7ACD5AD0-113E-4A40-843E-40D6E4EE3CEB}"
EndProject
Global
	GlobalSection(SolutionConfigurationPlatforms) = preSolution
		Debug|Any CPU = Debug|Any CPU
		Release|Any CPU = Release|Any CPU
	EndGlobalSection
	GlobalSection(ProjectConfigurationPlatforms) = postSolution
		{44309B36-5921-4921-8DD6-CD852D3BB6E8}.Debug|Any CPU.ActiveCfg = Debug|Any CPU
		{44309B36-5921-4921-8DD6-CD852D3BB6E8}.Debug|Any CPU.Build.0 = Debug|Any CPU
		{44309B36-5921-4921-8DD6-CD852D3BB6E8}.Release|Any CPU.ActiveCfg = Release|Any CPU
		{44309B36-5921-4921-8DD6-CD852D3BB6E8}.Release|Any CPU.Build.0 = Release|Any CPU
		{F318E838-EBA2-43E2-8412-E4D1C424D616}.Debug|Any CPU.ActiveCfg = Debug|Any CPU
		{F318E838-EBA2-43E2-8412-E4D1C424D616}.Debug|Any CPU.Build.0 = Debug|Any CPU
		{F318E838-EBA2-43E2-8412-E4D1C424D616}.Release|Any CPU.ActiveCfg = Release|Any CPU
		{F318E838-EBA2-43E2-8412-E4D1C424D616}.Release|Any CPU.Build.0 = Release|Any CPU
		{E2534F80-A91D-4CA9-9A58-BDE4D5603A02}.Debug|Any CPU.ActiveCfg = Debug|Any CPU
		{E2534F80-A91D-4CA9-9A58-BDE4D5603A02}.Debug|Any CPU.Build.0 = Debug|Any CPU
		{E2534F80-A91D-4CA9-9A58-BDE4D5603A02}.Release|Any CPU.ActiveCfg = Release|Any CPU
		{E2534F80-A91D-4CA9-9A58-BDE4D5603A02}.Release|Any CPU.Build.0 = Release|Any CPU
		{993296AD-1DDA-46A5-BF1D-FC6B46DECBA4}.Debug|Any CPU.ActiveCfg = Debug|Any CPU
		{993296AD-1DDA-46A5-BF1D-FC6B46DECBA4}.Debug|Any CPU.Build.0 = Debug|Any CPU
		{993296AD-1DDA-46A5-BF1D-FC6B46DECBA4}.Release|Any CPU.ActiveCfg = Release|Any CPU
		{993296AD-1DDA-46A5-BF1D-FC6B46DECBA4}.Release|Any CPU.Build.0 = Release|Any CPU
		{7ACD5AD0-113E-4A40-843E-40D6E4EE3CEB}.Debug|Any CPU.ActiveCfg = Debug|Any CPU
		{7ACD5AD0-113E-4A40-843E-40D6E4EE3CEB}.Debug|Any CPU.Build.0 = Debug|Any CPU
		{7ACD5AD0-113E-4A40-843E-40D6E4EE3CEB}.Release|Any CPU.ActiveCfg = Release|Any CPU
		{7ACD5AD0-113E-4A40-843E-40D6E4EE3CEB}.Release|Any CPU.Build.0 = Release|Any CPU
	EndGlobalSection
	GlobalSection(SolutionProperties) = preSolution
		HideSolutionNode = FALSE
	EndGlobalSection
	GlobalSection(ExtensibilityGlobals) = postSolution
		SolutionGuid = {EF967F41-0BB3-42F9-B4AC-73AB25F22C6D}
	EndGlobalSection
EndGlobal
